dependencies:
- name: cert-manager
  repository: https://charts.bitnami.com/bitnami
  version: 0.7.8
- name: external-secrets
  repository: https://charts.external-secrets.io
  version: 0.5.9
- name: consul
  repository: https://charts.bitnami.com/bitnami
  version: 10.7.16
- name: redis
  repository: https://charts.bitnami.com/bitnami
  version: 17.0.10
- name: kube-prometheus
  repository: https://charts.bitnami.com/bitnami
  version: 8.0.15
digest: sha256:499e3d2f9e2e17450b82346e25867f5a237c1766177f0cdd4c18e09aa1fafc14
generated: "2022-08-13T11:49:05.672401123Z"
