dependencies:
- name: cert-manager
  repository: https://charts.bitnami.com/bitnami
  version: 0.7.1
- name: external-secrets
  repository: https://charts.external-secrets.io
  version: 0.5.7
- name: consul
  repository: https://charts.bitnami.com/bitnami
  version: 10.7.0
- name: redis
  repository: https://charts.bitnami.com/bitnami
  version: 16.13.1
- name: kube-prometheus
  repository: https://charts.bitnami.com/bitnami
  version: 8.0.9
digest: sha256:f56bfbdd6bbe03d3e50109c58e23e6cf1def0b7689195e04cb484ea0401927cd
generated: "2022-07-03T22:14:56.092894+03:00"
